// !$*UTF8*$!
{
	archiveVersion = 1;
	classes = {
	};
	objectVersion = 55;
	objects = {

/* Begin PBXBuildFile section */
		B27EBD13270CFED200668C0F /* NewsAPIApp.swift in Sources */ = {isa = PBXBuildFile; fileRef = B27EBD12270CFED200668C0F /* NewsAPIApp.swift */; };
		B27EBD17270CFED400668C0F /* Assets.xcassets in Resources */ = {isa = PBXBuildFile; fileRef = B27EBD16270CFED400668C0F /* Assets.xcassets */; };
		B27EBD1A270CFED400668C0F /* Preview Assets.xcassets in Resources */ = {isa = PBXBuildFile; fileRef = B27EBD19270CFED400668C0F /* Preview Assets.xcassets */; };
		B27EBD22270CFFD800668C0F /* HomeView.swift in Sources */ = {isa = PBXBuildFile; fileRef = B27EBD21270CFFD800668C0F /* HomeView.swift */; };
		B27EBD25270D010B00668C0F /* NewsResponse.swift in Sources */ = {isa = PBXBuildFile; fileRef = B27EBD24270D010B00668C0F /* NewsResponse.swift */; };
		B27EBD28270D01C500668C0F /* NewsEndpoint.swift in Sources */ = {isa = PBXBuildFile; fileRef = B27EBD27270D01C500668C0F /* NewsEndpoint.swift */; };
		B27EBD2B270D043000668C0F /* APIError.swift in Sources */ = {isa = PBXBuildFile; fileRef = B27EBD2A270D043000668C0F /* APIError.swift */; };
		B27EBD2E270D085900668C0F /* NewsService.swift in Sources */ = {isa = PBXBuildFile; fileRef = B27EBD2D270D085900668C0F /* NewsService.swift */; };
		B27EBD31270D10D500668C0F /* ResultStates.swift in Sources */ = {isa = PBXBuildFile; fileRef = B27EBD30270D10D500668C0F /* ResultStates.swift */; };
		B27EBD34270D1B1200668C0F /* NewsViewModel.swift in Sources */ = {isa = PBXBuildFile; fileRef = B27EBD33270D1B1200668C0F /* NewsViewModel.swift */; };
		B27EBD37270D216900668C0F /* URLImage in Frameworks */ = {isa = PBXBuildFile; productRef = B27EBD36270D216900668C0F /* URLImage */; };
		B27EBD39270D216900668C0F /* URLImageStore in Frameworks */ = {isa = PBXBuildFile; productRef = B27EBD38270D216900668C0F /* URLImageStore */; };
		B27EBD3B270D218E00668C0F /* ArticleView.swift in Sources */ = {isa = PBXBuildFile; fileRef = B27EBD3A270D218E00668C0F /* ArticleView.swift */; };
		B2B49868270D2DA7000C8B2E /* ErrorView.swift in Sources */ = {isa = PBXBuildFile; fileRef = B2B49867270D2DA7000C8B2E /* ErrorView.swift */; };
/* End PBXBuildFile section */

/* Begin PBXFileReference section */
		B27EBD0F270CFED200668C0F /* NewsAPI.app */ = {isa = PBXFileReference; explicitFileType = wrapper.application; includeInIndex = 0; path = NewsAPI.app; sourceTree = BUILT_PRODUCTS_DIR; };
		B27EBD12270CFED200668C0F /* NewsAPIApp.swift */ = {isa = PBXFileReference; lastKnownFileType = sourcecode.swift; path = NewsAPIApp.swift; sourceTree = "<group>"; };
		B27EBD16270CFED400668C0F /* Assets.xcassets */ = {isa = PBXFileReference; lastKnownFileType = folder.assetcatalog; path = Assets.xcassets; sourceTree = "<group>"; };
		B27EBD19270CFED400668C0F /* Preview Assets.xcassets */ = {isa = PBXFileReference; lastKnownFileType = folder.assetcatalog; path = "Preview Assets.xcassets"; sourceTree = "<group>"; };
		B27EBD21270CFFD800668C0F /* HomeView.swift */ = {isa = PBXFileReference; lastKnownFileType = sourcecode.swift; path = HomeView.swift; sourceTree = "<group>"; };
		B27EBD24270D010B00668C0F /* NewsResponse.swift */ = {isa = PBXFileReference; lastKnownFileType = sourcecode.swift; path = NewsResponse.swift; sourceTree = "<group>"; };
		B27EBD27270D01C500668C0F /* NewsEndpoint.swift */ = {isa = PBXFileReference; lastKnownFileType = sourcecode.swift; path = NewsEndpoint.swift; sourceTree = "<group>"; };
		B27EBD2A270D043000668C0F /* APIError.swift */ = {isa = PBXFileReference; lastKnownFileType = sourcecode.swift; path = APIError.swift; sourceTree = "<group>"; };
		B27EBD2D270D085900668C0F /* NewsService.swift */ = {isa = PBXFileReference; lastKnownFileType = sourcecode.swift; path = NewsService.swift; sourceTree = "<group>"; };
		B27EBD30270D10D500668C0F /* ResultStates.swift */ = {isa = PBXFileReference; lastKnownFileType = sourcecode.swift; path = ResultStates.swift; sourceTree = "<group>"; };
		B27EBD33270D1B1200668C0F /* NewsViewModel.swift */ = {isa = PBXFileReference; lastKnownFileType = sourcecode.swift; path = NewsViewModel.swift; sourceTree = "<group>"; };
		B27EBD3A270D218E00668C0F /* ArticleView.swift */ = {isa = PBXFileReference; lastKnownFileType = sourcecode.swift; path = ArticleView.swift; sourceTree = "<group>"; };
		B2B49867270D2DA7000C8B2E /* ErrorView.swift */ = {isa = PBXFileReference; lastKnownFileType = sourcecode.swift; path = ErrorView.swift; sourceTree = "<group>"; };
/* End PBXFileReference section */

/* Begin PBXFrameworksBuildPhase section */
		B27EBD0C270CFED200668C0F /* Frameworks */ = {
			isa = PBXFrameworksBuildPhase;
			buildActionMask = 2147483647;
			files = (
				B27EBD39270D216900668C0F /* URLImageStore in Frameworks */,
				B27EBD37270D216900668C0F /* URLImage in Frameworks */,
			);
			runOnlyForDeploymentPostprocessing = 0;
		};
/* End PBXFrameworksBuildPhase section */

/* Begin PBXGroup section */
		B27EBD06270CFED200668C0F = {
			isa = PBXGroup;
			children = (
				B27EBD11270CFED200668C0F /* NewsAPI */,
				B27EBD10270CFED200668C0F /* Products */,
			);
			sourceTree = "<group>";
		};
		B27EBD10270CFED200668C0F /* Products */ = {
			isa = PBXGroup;
			children = (
				B27EBD0F270CFED200668C0F /* NewsAPI.app */,
			);
			name = Products;
			sourceTree = "<group>";
		};
		B27EBD11270CFED200668C0F /* NewsAPI */ = {
			isa = PBXGroup;
			children = (
				B27EBD32270D1B0500668C0F /* ViewModel */,
				B27EBD2F270D10CB00668C0F /* States */,
				B27EBD2C270D085000668C0F /* Service */,
				B27EBD29270D042500668C0F /* Errors */,
				B27EBD26270D01B600668C0F /* Endpoint */,
				B27EBD23270D004C00668C0F /* Model */,
				B27EBD20270CFFC800668C0F /* Views */,
				B27EBD12270CFED200668C0F /* NewsAPIApp.swift */,
				B27EBD16270CFED400668C0F /* Assets.xcassets */,
				B27EBD18270CFED400668C0F /* Preview Content */,
			);
			path = NewsAPI;
			sourceTree = "<group>";
		};
		B27EBD18270CFED400668C0F /* Preview Content */ = {
			isa = PBXGroup;
			children = (
				B27EBD19270CFED400668C0F /* Preview Assets.xcassets */,
			);
			path = "Preview Content";
			sourceTree = "<group>";
		};
		B27EBD20270CFFC800668C0F /* Views */ = {
			isa = PBXGroup;
			children = (
				B27EBD21270CFFD800668C0F /* HomeView.swift */,
				B27EBD3A270D218E00668C0F /* ArticleView.swift */,
				B2B49867270D2DA7000C8B2E /* ErrorView.swift */,
			);
			path = Views;
			sourceTree = "<group>";
		};
		B27EBD23270D004C00668C0F /* Model */ = {
			isa = PBXGroup;
			children = (
				B27EBD24270D010B00668C0F /* NewsResponse.swift */,
			);
			path = Model;
			sourceTree = "<group>";
		};
		B27EBD26270D01B600668C0F /* Endpoint */ = {
			isa = PBXGroup;
			children = (
				B27EBD27270D01C500668C0F /* NewsEndpoint.swift */,
			);
			path = Endpoint;
			sourceTree = "<group>";
		};
		B27EBD29270D042500668C0F /* Errors */ = {
			isa = PBXGroup;
			children = (
				B27EBD2A270D043000668C0F /* APIError.swift */,
			);
			path = Errors;
			sourceTree = "<group>";
		};
		B27EBD2C270D085000668C0F /* Service */ = {
			isa = PBXGroup;
			children = (
				B27EBD2D270D085900668C0F /* NewsService.swift */,
			);
			path = Service;
			sourceTree = "<group>";
		};
		B27EBD2F270D10CB00668C0F /* States */ = {
			isa = PBXGroup;
			children = (
				B27EBD30270D10D500668C0F /* ResultStates.swift */,
			);
			path = States;
			sourceTree = "<group>";
		};
		B27EBD32270D1B0500668C0F /* ViewModel */ = {
			isa = PBXGroup;
			children = (
				B27EBD33270D1B1200668C0F /* NewsViewModel.swift */,
			);
			path = ViewModel;
			sourceTree = "<group>";
		};
/* End PBXGroup section */

/* Begin PBXNativeTarget section */
		B27EBD0E270CFED200668C0F /* NewsAPI */ = {
			isa = PBXNativeTarget;
			buildConfigurationList = B27EBD1D270CFED400668C0F /* Build configuration list for PBXNativeTarget "NewsAPI" */;
			buildPhases = (
				B27EBD0B270CFED200668C0F /* Sources */,
				B27EBD0C270CFED200668C0F /* Frameworks */,
				B27EBD0D270CFED200668C0F /* Resources */,
			);
			buildRules = (
			);
			dependencies = (
			);
			name = NewsAPI;
			packageProductDependencies = (
				B27EBD36270D216900668C0F /* URLImage */,
				B27EBD38270D216900668C0F /* URLImageStore */,
			);
			productName = NewsAPI;
			productReference = B27EBD0F270CFED200668C0F /* NewsAPI.app */;
			productType = "com.apple.product-type.application";
		};
/* End PBXNativeTarget section */

/* Begin PBXProject section */
		B27EBD07270CFED200668C0F /* Project object */ = {
			isa = PBXProject;
			attributes = {
				BuildIndependentTargetsInParallel = 1;
				LastSwiftUpdateCheck = 1300;
				LastUpgradeCheck = 1300;
				TargetAttributes = {
					B27EBD0E270CFED200668C0F = {
						CreatedOnToolsVersion = 13.0;
					};
				};
			};
			buildConfigurationList = B27EBD0A270CFED200668C0F /* Build configuration list for PBXProject "NewsAPI" */;
			compatibilityVersion = "Xcode 13.0";
			developmentRegion = en;
			hasScannedForEncodings = 0;
			knownRegions = (
				en,
				Base,
			);
			mainGroup = B27EBD06270CFED200668C0F;
			packageReferences = (
				B27EBD35270D216900668C0F /* XCRemoteSwiftPackageReference "url-image" */,
			);
			productRefGroup = B27EBD10270CFED200668C0F /* Products */;
			projectDirPath = "";
			projectRoot = "";
			targets = (
				B27EBD0E270CFED200668C0F /* NewsAPI */,
			);
		};
/* End PBXProject section */

/* Begin PBXResourcesBuildPhase section */
		B27EBD0D270CFED200668C0F /* Resources */ = {
			isa = PBXResourcesBuildPhase;
			buildActionMask = 2147483647;
			files = (
				B27EBD1A270CFED400668C0F /* Preview Assets.xcassets in Resources */,
				B27EBD17270CFED400668C0F /* Assets.xcassets in Resources */,
			);
			runOnlyForDeploymentPostprocessing = 0;
		};
/* End PBXResourcesBuildPhase section */

/* Begin PBXSourcesBuildPhase section */
		B27EBD0B270CFED200668C0F /* Sources */ = {
			isa = PBXSourcesBuildPhase;
			buildActionMask = 2147483647;
			files = (
				B27EBD2E270D085900668C0F /* NewsService.swift in Sources */,
				B27EBD25270D010B00668C0F /* NewsResponse.swift in Sources */,
				B27EBD31270D10D500668C0F /* ResultStates.swift in Sources */,
				B27EBD22270CFFD800668C0F /* HomeView.swift in Sources */,
				B27EBD13270CFED200668C0F /* NewsAPIApp.swift in Sources */,
				B2B49868270D2DA7000C8B2E /* ErrorView.swift in Sources */,
				B27EBD2B270D043000668C0F /* APIError.swift in Sources */,
				B27EBD28270D01C500668C0F /* NewsEndpoint.swift in Sources */,
				B27EBD3B270D218E00668C0F /* ArticleView.swift in Sources */,
				B27EBD34270D1B1200668C0F /* NewsViewModel.swift in Sources */,
			);
			runOnlyForDeploymentPostprocessing = 0;
		};
/* End PBXSourcesBuildPhase section */

/* Begin XCBuildConfiguration section */
		B27EBD1B270CFED400668C0F /* Debug */ = {
			isa = XCBuildConfiguration;
			buildSettings = {
				ALWAYS_SEARCH_USER_PATHS = NO;
				CLANG_ANALYZER_NONNULL = YES;
				CLANG_ANALYZER_NUMBER_OBJECT_CONVERSION = YES_AGGRESSIVE;
				CLANG_CXX_LANGUAGE_STANDARD = "gnu++17";
				CLANG_CXX_LIBRARY = "libc++";
				CLANG_ENABLE_MODULES = YES;
				CLANG_ENABLE_OBJC_ARC = YES;
				CLANG_ENABLE_OBJC_WEAK = YES;
				CLANG_WARN_BLOCK_CAPTURE_AUTORELEASING = YES;
				CLANG_WARN_BOOL_CONVERSION = YES;
				CLANG_WARN_COMMA = YES;
				CLANG_WARN_CONSTANT_CONVERSION = YES;
				CLANG_WARN_DEPRECATED_OBJC_IMPLEMENTATIONS = YES;
				CLANG_WARN_DIRECT_OBJC_ISA_USAGE = YES_ERROR;
				CLANG_WARN_DOCUMENTATION_COMMENTS = YES;
				CLANG_WARN_EMPTY_BODY = YES;
				CLANG_WARN_ENUM_CONVERSION = YES;
				CLANG_WARN_INFINITE_RECURSION = YES;
				CLANG_WARN_INT_CONVERSION = YES;
				CLANG_WARN_NON_LITERAL_NULL_CONVERSION = YES;
				CLANG_WARN_OBJC_IMPLICIT_RETAIN_SELF = YES;
				CLANG_WARN_OBJC_LITERAL_CONVERSION = YES;
				CLANG_WARN_OBJC_ROOT_CLASS = YES_ERROR;
				CLANG_WARN_QUOTED_INCLUDE_IN_FRAMEWORK_HEADER = YES;
				CLANG_WARN_RANGE_LOOP_ANALYSIS = YES;
				CLANG_WARN_STRICT_PROTOTYPES = YES;
				CLANG_WARN_SUSPICIOUS_MOVE = YES;
				CLANG_WARN_UNGUARDED_AVAILABILITY = YES_AGGRESSIVE;
				CLANG_WARN_UNREACHABLE_CODE = YES;
				CLANG_WARN__DUPLICATE_METHOD_MATCH = YES;
				COPY_PHASE_STRIP = NO;
				DEBUG_INFORMATION_FORMAT = dwarf;
				ENABLE_STRICT_OBJC_MSGSEND = YES;
				ENABLE_TESTABILITY = YES;
				GCC_C_LANGUAGE_STANDARD = gnu11;
				GCC_DYNAMIC_NO_PIC = NO;
				GCC_NO_COMMON_BLOCKS = YES;
				GCC_OPTIMIZATION_LEVEL = 0;
				GCC_PREPROCESSOR_DEFINITIONS = (
					"DEBUG=1",
					"$(inherited)",
				);
				GCC_WARN_64_TO_32_BIT_CONVERSION = YES;
				GCC_WARN_ABOUT_RETURN_TYPE = YES_ERROR;
				GCC_WARN_UNDECLARED_SELECTOR = YES;
				GCC_WARN_UNINITIALIZED_AUTOS = YES_AGGRESSIVE;
				GCC_WARN_UNUSED_FUNCTION = YES;
				GCC_WARN_UNUSED_VARIABLE = YES;
				IPHONEOS_DEPLOYMENT_TARGET = 15.0;
				MTL_ENABLE_DEBUG_INFO = INCLUDE_SOURCE;
				MTL_FAST_MATH = YES;
				ONLY_ACTIVE_ARCH = YES;
				SDKROOT = iphoneos;
				SWIFT_ACTIVE_COMPILATION_CONDITIONS = DEBUG;
				SWIFT_OPTIMIZATION_LEVEL = "-Onone";
			};
			name = Debug;
		};
		B27EBD1C270CFED400668C0F /* Release */ = {
			isa = XCBuildConfiguration;
			buildSettings = {
				ALWAYS_SEARCH_USER_PATHS = NO;
				CLANG_ANALYZER_NONNULL = YES;
				CLANG_ANALYZER_NUMBER_OBJECT_CONVERSION = YES_AGGRESSIVE;
				CLANG_CXX_LANGUAGE_STANDARD = "gnu++17";
				CLANG_CXX_LIBRARY = "libc++";
				CLANG_ENABLE_MODULES = YES;
				CLANG_ENABLE_OBJC_ARC = YES;
				CLANG_ENABLE_OBJC_WEAK = YES;
				CLANG_WARN_BLOCK_CAPTURE_AUTORELEASING = YES;
				CLANG_WARN_BOOL_CONVERSION = YES;
				CLANG_WARN_COMMA = YES;
				CLANG_WARN_CONSTANT_CONVERSION = YES;
				CLANG_WARN_DEPRECATED_OBJC_IMPLEMENTATIONS = YES;
				CLANG_WARN_DIRECT_OBJC_ISA_USAGE = YES_ERROR;
				CLANG_WARN_DOCUMENTATION_COMMENTS = YES;
				CLANG_WARN_EMPTY_BODY = YES;
				CLANG_WARN_ENUM_CONVERSION = YES;
				CLANG_WARN_INFINITE_RECURSION = YES;
				CLANG_WARN_INT_CONVERSION = YES;
				CLANG_WARN_NON_LITERAL_NULL_CONVERSION = YES;
				CLANG_WARN_OBJC_IMPLICIT_RETAIN_SELF = YES;
				CLANG_WARN_OBJC_LITERAL_CONVERSION = YES;
				CLANG_WARN_OBJC_ROOT_CLASS = YES_ERROR;
				CLANG_WARN_QUOTED_INCLUDE_IN_FRAMEWORK_HEADER = YES;
				CLANG_WARN_RANGE_LOOP_ANALYSIS = YES;
				CLANG_WARN_STRICT_PROTOTYPES = YES;
				CLANG_WARN_SUSPICIOUS_MOVE = YES;
				CLANG_WARN_UNGUARDED_AVAILABILITY = YES_AGGRESSIVE;
				CLANG_WARN_UNREACHABLE_CODE = YES;
				CLANG_WARN__DUPLICATE_METHOD_MATCH = YES;
				COPY_PHASE_STRIP = NO;
				DEBUG_INFORMATION_FORMAT = "dwarf-with-dsym";
				ENABLE_NS_ASSERTIONS = NO;
				ENABLE_STRICT_OBJC_MSGSEND = YES;
				GCC_C_LANGUAGE_STANDARD = gnu11;
				GCC_NO_COMMON_BLOCKS = YES;
				GCC_WARN_64_TO_32_BIT_CONVERSION = YES;
				GCC_WARN_ABOUT_RETURN_TYPE = YES_ERROR;
				GCC_WARN_UNDECLARED_SELECTOR = YES;
				GCC_WARN_UNINITIALIZED_AUTOS = YES_AGGRESSIVE;
				GCC_WARN_UNUSED_FUNCTION = YES;
				GCC_WARN_UNUSED_VARIABLE = YES;
				IPHONEOS_DEPLOYMENT_TARGET = 15.0;
				MTL_ENABLE_DEBUG_INFO = NO;
				MTL_FAST_MATH = YES;
				SDKROOT = iphoneos;
				SWIFT_COMPILATION_MODE = wholemodule;
				SWIFT_OPTIMIZATION_LEVEL = "-O";
				VALIDATE_PRODUCT = YES;
			};
			name = Release;
		};
		B27EBD1E270CFED400668C0F /* Debug */ = {
			isa = XCBuildConfiguration;
			buildSettings = {
				ASSETCATALOG_COMPILER_APPICON_NAME = AppIcon;
				ASSETCATALOG_COMPILER_GLOBAL_ACCENT_COLOR_NAME = AccentColor;
				CODE_SIGN_STYLE = Automatic;
				CURRENT_PROJECT_VERSION = 1;
				DEVELOPMENT_ASSET_PATHS = "\"NewsAPI/Preview Content\"";
				DEVELOPMENT_TEAM = 34N89Y6GQ8;
				ENABLE_PREVIEWS = YES;
				GENERATE_INFOPLIST_FILE = YES;
				INFOPLIST_KEY_UIApplicationSceneManifest_Generation = YES;
				INFOPLIST_KEY_UIApplicationSupportsIndirectInputEvents = YES;
				INFOPLIST_KEY_UILaunchScreen_Generation = YES;
				INFOPLIST_KEY_UISupportedInterfaceOrientations_iPad = "UIInterfaceOrientationPortrait UIInterfaceOrientationPortraitUpsideDown UIInterfaceOrientationLandscapeLeft UIInterfaceOrientationLandscapeRight";
				INFOPLIST_KEY_UISupportedInterfaceOrientations_iPhone = "UIInterfaceOrientationPortrait UIInterfaceOrientationLandscapeLeft UIInterfaceOrientationLandscapeRight";
				IPHONEOS_DEPLOYMENT_TARGET = 14.0;
				LD_RUNPATH_SEARCH_PATHS = (
					"$(inherited)",
					"@executable_path/Frameworks",
				);
				MARKETING_VERSION = 1.0;
				PRODUCT_BUNDLE_IDENTIFIER = com.TenEightStudios.NewsAPI;
				PRODUCT_NAME = "$(TARGET_NAME)";
				SWIFT_EMIT_LOC_STRINGS = YES;
				SWIFT_VERSION = 5.0;
				TARGETED_DEVICE_FAMILY = "1,2";
			};
			name = Debug;
		};
		B27EBD1F270CFED400668C0F /* Release */ = {
			isa = XCBuildConfiguration;
			buildSettings = {
				ASSETCATALOG_COMPILER_APPICON_NAME = AppIcon;
				ASSETCATALOG_COMPILER_GLOBAL_ACCENT_COLOR_NAME = AccentColor;
				CODE_SIGN_STYLE = Automatic;
				CURRENT_PROJECT_VERSION = 1;
				DEVELOPMENT_ASSET_PATHS = "\"NewsAPI/Preview Content\"";
				DEVELOPMENT_TEAM = 34N89Y6GQ8;
				ENABLE_PREVIEWS = YES;
				GENERATE_INFOPLIST_FILE = YES;
				INFOPLIST_KEY_UIApplicationSceneManifest_Generation = YES;
				INFOPLIST_KEY_UIApplicationSupportsIndirectInputEvents = YES;
				INFOPLIST_KEY_UILaunchScreen_Generation = YES;
				INFOPLIST_KEY_UISupportedInterfaceOrientations_iPad = "UIInterfaceOrientationPortrait UIInterfaceOrientationPortraitUpsideDown UIInterfaceOrientationLandscapeLeft UIInterfaceOrientationLandscapeRight";
				INFOPLIST_KEY_UISupportedInterfaceOrientations_iPhone = "UIInterfaceOrientationPortrait UIInterfaceOrientationLandscapeLeft UIInterfaceOrientationLandscapeRight";
				IPHONEOS_DEPLOYMENT_TARGET = 14.0;
				LD_RUNPATH_SEARCH_PATHS = (
					"$(inherited)",
					"@executable_path/Frameworks",
				);
				MARKETING_VERSION = 1.0;
				PRODUCT_BUNDLE_IDENTIFIER = com.TenEightStudios.NewsAPI;
				PRODUCT_NAME = "$(TARGET_NAME)";
				SWIFT_EMIT_LOC_STRINGS = YES;
				SWIFT_VERSION = 5.0;
				TARGETED_DEVICE_FAMILY = "1,2";
			};
			name = Release;
		};
/* End XCBuildConfiguration section */

/* Begin XCConfigurationList section */
		B27EBD0A270CFED200668C0F /* Build configuration list for PBXProject "NewsAPI" */ = {
			isa = XCConfigurationList;
			buildConfigurations = (
				B27EBD1B270CFED400668C0F /* Debug */,
				B27EBD1C270CFED400668C0F /* Release */,
			);
			defaultConfigurationIsVisible = 0;
			defaultConfigurationName = Release;
		};
		B27EBD1D270CFED400668C0F /* Build configuration list for PBXNativeTarget "NewsAPI" */ = {
			isa = XCConfigurationList;
			buildConfigurations = (
				B27EBD1E270CFED400668C0F /* Debug */,
				B27EBD1F270CFED400668C0F /* Release */,
			);
			defaultConfigurationIsVisible = 0;
			defaultConfigurationName = Release;
		};
/* End XCConfigurationList section */

/* Begin XCRemoteSwiftPackageReference section */
		B27EBD35270D216900668C0F /* XCRemoteSwiftPackageReference "url-image" */ = {
			isa = XCRemoteSwiftPackageReference;
			repositoryURL = "https://github.com/dmytro-anokhin/url-image";
			requirement = {
				kind = upToNextMajorVersion;
				minimumVersion = 3.0.0;
			};
		};
/* End XCRemoteSwiftPackageReference section */

/* Begin XCSwiftPackageProductDependency section */
		B27EBD36270D216900668C0F /* URLImage */ = {
			isa = XCSwiftPackageProductDependency;
			package = B27EBD35270D216900668C0F /* XCRemoteSwiftPackageReference "url-image" */;
			productName = URLImage;
		};
		B27EBD38270D216900668C0F /* URLImageStore */ = {
			isa = XCSwiftPackageProductDependency;
			package = B27EBD35270D216900668C0F /* XCRemoteSwiftPackageReference "url-image" */;
			productName = URLImageStore;
		};
/* End XCSwiftPackageProductDependency section */
	};
	rootObject = B27EBD07270CFED200668C0F /* Project object */;
}
